// !$*UTF8*$!
{
	archiveVersion = 1;
	classes = {
	};
	objectVersion = 56;
	objects = {

/* Begin PBXBuildFile section */
		9091EE852A20AE15002DCE8C /* AuthenticationView.swift in Sources */ = {isa = PBXBuildFile; fileRef = 9091EE842A20AE15002DCE8C /* AuthenticationView.swift */; };
		9091EE872A20AFB1002DCE8C /* SignUpView.swift in Sources */ = {isa = PBXBuildFile; fileRef = 9091EE862A20AFB1002DCE8C /* SignUpView.swift */; };
		9091EE8B2A20E1AF002DCE8C /* SignOutView.swift in Sources */ = {isa = PBXBuildFile; fileRef = 9091EE8A2A20E1AF002DCE8C /* SignOutView.swift */; };
		9091EE8D2A20E908002DCE8C /* FarmerView.swift in Sources */ = {isa = PBXBuildFile; fileRef = 9091EE8C2A20E908002DCE8C /* FarmerView.swift */; };
		9091EE8F2A20E943002DCE8C /* ClientView.swift in Sources */ = {isa = PBXBuildFile; fileRef = 9091EE8E2A20E943002DCE8C /* ClientView.swift */; };
		9091EE9A2A20ED34002DCE8C /* ClientTabBarView.swift in Sources */ = {isa = PBXBuildFile; fileRef = 9091EE992A20ED34002DCE8C /* ClientTabBarView.swift */; };
		9091EE9C2A20EDC3002DCE8C /* ClientHomeView.swift in Sources */ = {isa = PBXBuildFile; fileRef = 9091EE9B2A20EDC3002DCE8C /* ClientHomeView.swift */; };
		9091EE9E2A20EEBE002DCE8C /* ClientCatalogView.swift in Sources */ = {isa = PBXBuildFile; fileRef = 9091EE9D2A20EEBE002DCE8C /* ClientCatalogView.swift */; };
		9091EEA02A20EFAC002DCE8C /* ClientBasketView.swift in Sources */ = {isa = PBXBuildFile; fileRef = 9091EE9F2A20EFAB002DCE8C /* ClientBasketView.swift */; };
		9091EEA22A20EFEA002DCE8C /* ClientSettingsView.swift in Sources */ = {isa = PBXBuildFile; fileRef = 9091EEA12A20EFEA002DCE8C /* ClientSettingsView.swift */; };
		9091EEA42A2105B1002DCE8C /* SignInView.swift in Sources */ = {isa = PBXBuildFile; fileRef = 9091EEA32A2105B1002DCE8C /* SignInView.swift */; };
		90ADB8AC2A210DC700F8BED7 /* ClientProfileView.swift in Sources */ = {isa = PBXBuildFile; fileRef = 90ADB8AB2A210DC700F8BED7 /* ClientProfileView.swift */; };
		90ADB8AF2A213BC000F8BED7 /* SDWebImageSwiftUI in Frameworks */ = {isa = PBXBuildFile; productRef = 90ADB8AE2A213BC000F8BED7 /* SDWebImageSwiftUI */; };
		90DA69CE2A2099A2002FB428 /* FarmProductApp.swift in Sources */ = {isa = PBXBuildFile; fileRef = 90DA69CD2A2099A2002FB428 /* FarmProductApp.swift */; };
		90DA69D02A2099A2002FB428 /* ContentView.swift in Sources */ = {isa = PBXBuildFile; fileRef = 90DA69CF2A2099A2002FB428 /* ContentView.swift */; };
		90DA69D22A2099A2002FB428 /* Assets.xcassets in Resources */ = {isa = PBXBuildFile; fileRef = 90DA69D12A2099A2002FB428 /* Assets.xcassets */; };
		90DA69D52A2099A2002FB428 /* Preview Assets.xcassets in Resources */ = {isa = PBXBuildFile; fileRef = 90DA69D42A2099A2002FB428 /* Preview Assets.xcassets */; };
		90DA69E92A20A6CA002FB428 /* GoogleService-Info.plist in Resources */ = {isa = PBXBuildFile; fileRef = 90DA69E82A20A6CA002FB428 /* GoogleService-Info.plist */; };
		90DA69EC2A20A8E7002FB428 /* FirebaseAnalytics in Frameworks */ = {isa = PBXBuildFile; productRef = 90DA69EB2A20A8E7002FB428 /* FirebaseAnalytics */; };
		90DA69EE2A20A8E7002FB428 /* FirebaseAnalyticsSwift in Frameworks */ = {isa = PBXBuildFile; productRef = 90DA69ED2A20A8E7002FB428 /* FirebaseAnalyticsSwift */; };
		90DA69F02A20A8E7002FB428 /* FirebaseAuth in Frameworks */ = {isa = PBXBuildFile; productRef = 90DA69EF2A20A8E7002FB428 /* FirebaseAuth */; };
		90DA69F22A20A8E7002FB428 /* FirebaseFirestore in Frameworks */ = {isa = PBXBuildFile; productRef = 90DA69F12A20A8E7002FB428 /* FirebaseFirestore */; };
		90DA69F42A20A8E7002FB428 /* FirebaseFirestoreSwift in Frameworks */ = {isa = PBXBuildFile; productRef = 90DA69F32A20A8E7002FB428 /* FirebaseFirestoreSwift */; };
/* End PBXBuildFile section */

/* Begin PBXFileReference section */
		9091EE842A20AE15002DCE8C /* AuthenticationView.swift */ = {isa = PBXFileReference; lastKnownFileType = sourcecode.swift; path = AuthenticationView.swift; sourceTree = "<group>"; };
		9091EE862A20AFB1002DCE8C /* SignUpView.swift */ = {isa = PBXFileReference; lastKnownFileType = sourcecode.swift; path = SignUpView.swift; sourceTree = "<group>"; };
		9091EE8A2A20E1AF002DCE8C /* SignOutView.swift */ = {isa = PBXFileReference; lastKnownFileType = sourcecode.swift; path = SignOutView.swift; sourceTree = "<group>"; };
		9091EE8C2A20E908002DCE8C /* FarmerView.swift */ = {isa = PBXFileReference; lastKnownFileType = sourcecode.swift; path = FarmerView.swift; sourceTree = "<group>"; };
		9091EE8E2A20E943002DCE8C /* ClientView.swift */ = {isa = PBXFileReference; lastKnownFileType = sourcecode.swift; path = ClientView.swift; sourceTree = "<group>"; };
		9091EE992A20ED34002DCE8C /* ClientTabBarView.swift */ = {isa = PBXFileReference; lastKnownFileType = sourcecode.swift; path = ClientTabBarView.swift; sourceTree = "<group>"; };
		9091EE9B2A20EDC3002DCE8C /* ClientHomeView.swift */ = {isa = PBXFileReference; lastKnownFileType = sourcecode.swift; path = ClientHomeView.swift; sourceTree = "<group>"; };
		9091EE9D2A20EEBE002DCE8C /* ClientCatalogView.swift */ = {isa = PBXFileReference; lastKnownFileType = sourcecode.swift; path = ClientCatalogView.swift; sourceTree = "<group>"; };
		9091EE9F2A20EFAB002DCE8C /* ClientBasketView.swift */ = {isa = PBXFileReference; lastKnownFileType = sourcecode.swift; path = ClientBasketView.swift; sourceTree = "<group>"; };
		9091EEA12A20EFEA002DCE8C /* ClientSettingsView.swift */ = {isa = PBXFileReference; lastKnownFileType = sourcecode.swift; path = ClientSettingsView.swift; sourceTree = "<group>"; };
		9091EEA32A2105B1002DCE8C /* SignInView.swift */ = {isa = PBXFileReference; lastKnownFileType = sourcecode.swift; path = SignInView.swift; sourceTree = "<group>"; };
		90ADB8AB2A210DC700F8BED7 /* ClientProfileView.swift */ = {isa = PBXFileReference; lastKnownFileType = sourcecode.swift; path = ClientProfileView.swift; sourceTree = "<group>"; };
		90DA69CA2A2099A2002FB428 /* FarmProduct.app */ = {isa = PBXFileReference; explicitFileType = wrapper.application; includeInIndex = 0; path = FarmProduct.app; sourceTree = BUILT_PRODUCTS_DIR; };
		90DA69CD2A2099A2002FB428 /* FarmProductApp.swift */ = {isa = PBXFileReference; lastKnownFileType = sourcecode.swift; path = FarmProductApp.swift; sourceTree = "<group>"; };
		90DA69CF2A2099A2002FB428 /* ContentView.swift */ = {isa = PBXFileReference; lastKnownFileType = sourcecode.swift; path = ContentView.swift; sourceTree = "<group>"; };
		90DA69D12A2099A2002FB428 /* Assets.xcassets */ = {isa = PBXFileReference; lastKnownFileType = folder.assetcatalog; path = Assets.xcassets; sourceTree = "<group>"; };
		90DA69D42A2099A2002FB428 /* Preview Assets.xcassets */ = {isa = PBXFileReference; lastKnownFileType = folder.assetcatalog; path = "Preview Assets.xcassets"; sourceTree = "<group>"; };
		90DA69E82A20A6CA002FB428 /* GoogleService-Info.plist */ = {isa = PBXFileReference; fileEncoding = 4; lastKnownFileType = text.plist.xml; path = "GoogleService-Info.plist"; sourceTree = "<group>"; };
/* End PBXFileReference section */

/* Begin PBXFrameworksBuildPhase section */
		90DA69C72A2099A2002FB428 /* Frameworks */ = {
			isa = PBXFrameworksBuildPhase;
			buildActionMask = 2147483647;
			files = (
				90ADB8AF2A213BC000F8BED7 /* SDWebImageSwiftUI in Frameworks */,
				90DA69F42A20A8E7002FB428 /* FirebaseFirestoreSwift in Frameworks */,
				90DA69EE2A20A8E7002FB428 /* FirebaseAnalyticsSwift in Frameworks */,
				90DA69F22A20A8E7002FB428 /* FirebaseFirestore in Frameworks */,
				90DA69F02A20A8E7002FB428 /* FirebaseAuth in Frameworks */,
				90DA69EC2A20A8E7002FB428 /* FirebaseAnalytics in Frameworks */,
			);
			runOnlyForDeploymentPostprocessing = 0;
		};
/* End PBXFrameworksBuildPhase section */

/* Begin PBXGroup section */
		9091EE832A20ACDF002DCE8C /* Authentication */ = {
			isa = PBXGroup;
			children = (
				9091EE842A20AE15002DCE8C /* AuthenticationView.swift */,
				9091EE862A20AFB1002DCE8C /* SignUpView.swift */,
				9091EEA32A2105B1002DCE8C /* SignInView.swift */,
				9091EE8A2A20E1AF002DCE8C /* SignOutView.swift */,
			);
			path = Authentication;
			sourceTree = "<group>";
		};
		90DA69C12A2099A1002FB428 = {
			isa = PBXGroup;
			children = (
				90DA69CC2A2099A2002FB428 /* FarmProduct */,
				90DA69CB2A2099A2002FB428 /* Products */,
			);
			sourceTree = "<group>";
		};
		90DA69CB2A2099A2002FB428 /* Products */ = {
			isa = PBXGroup;
			children = (
				90DA69CA2A2099A2002FB428 /* FarmProduct.app */,
			);
			name = Products;
			sourceTree = "<group>";
		};
		90DA69CC2A2099A2002FB428 /* FarmProduct */ = {
			isa = PBXGroup;
			children = (
				90DA69CD2A2099A2002FB428 /* FarmProductApp.swift */,
				90DA69CF2A2099A2002FB428 /* ContentView.swift */,
				9091EE832A20ACDF002DCE8C /* Authentication */,
				90DA69E32A20A178002FB428 /* Client */,
				90DA69E22A20A158002FB428 /* Farmer */,
				90DA69E42A20A194002FB428 /* Admin */,
				90DA69D12A2099A2002FB428 /* Assets.xcassets */,
				90DA69E82A20A6CA002FB428 /* GoogleService-Info.plist */,
				90DA69D32A2099A2002FB428 /* Preview Content */,
			);
			path = FarmProduct;
			sourceTree = "<group>";
		};
		90DA69D32A2099A2002FB428 /* Preview Content */ = {
			isa = PBXGroup;
			children = (
				90DA69D42A2099A2002FB428 /* Preview Assets.xcassets */,
			);
			path = "Preview Content";
			sourceTree = "<group>";
		};
		90DA69E22A20A158002FB428 /* Farmer */ = {
			isa = PBXGroup;
			children = (
				9091EE8C2A20E908002DCE8C /* FarmerView.swift */,
			);
			path = Farmer;
			sourceTree = "<group>";
		};
		90DA69E32A20A178002FB428 /* Client */ = {
			isa = PBXGroup;
			children = (
				9091EE8E2A20E943002DCE8C /* ClientView.swift */,
				9091EE992A20ED34002DCE8C /* ClientTabBarView.swift */,
				9091EE9B2A20EDC3002DCE8C /* ClientHomeView.swift */,
				9091EE9D2A20EEBE002DCE8C /* ClientCatalogView.swift */,
				9091EE9F2A20EFAB002DCE8C /* ClientBasketView.swift */,
				90ADB8AB2A210DC700F8BED7 /* ClientProfileView.swift */,
				9091EEA12A20EFEA002DCE8C /* ClientSettingsView.swift */,
			);
			path = Client;
			sourceTree = "<group>";
		};
		90DA69E42A20A194002FB428 /* Admin */ = {
			isa = PBXGroup;
			children = (
			);
			path = Admin;
			sourceTree = "<group>";
		};
/* End PBXGroup section */

/* Begin PBXNativeTarget section */
		90DA69C92A2099A2002FB428 /* FarmProduct */ = {
			isa = PBXNativeTarget;
			buildConfigurationList = 90DA69D82A2099A2002FB428 /* Build configuration list for PBXNativeTarget "FarmProduct" */;
			buildPhases = (
				90DA69C62A2099A2002FB428 /* Sources */,
				90DA69C72A2099A2002FB428 /* Frameworks */,
				90DA69C82A2099A2002FB428 /* Resources */,
			);
			buildRules = (
			);
			dependencies = (
			);
			name = FarmProduct;
			packageProductDependencies = (
				90DA69EB2A20A8E7002FB428 /* FirebaseAnalytics */,
				90DA69ED2A20A8E7002FB428 /* FirebaseAnalyticsSwift */,
				90DA69EF2A20A8E7002FB428 /* FirebaseAuth */,
				90DA69F12A20A8E7002FB428 /* FirebaseFirestore */,
				90DA69F32A20A8E7002FB428 /* FirebaseFirestoreSwift */,
				90ADB8AE2A213BC000F8BED7 /* SDWebImageSwiftUI */,
			);
			productName = FarmProduct;
			productReference = 90DA69CA2A2099A2002FB428 /* FarmProduct.app */;
			productType = "com.apple.product-type.application";
		};
/* End PBXNativeTarget section */

/* Begin PBXProject section */
		90DA69C22A2099A2002FB428 /* Project object */ = {
			isa = PBXProject;
			attributes = {
				BuildIndependentTargetsInParallel = 1;
				LastSwiftUpdateCheck = 1430;
				LastUpgradeCheck = 1430;
				TargetAttributes = {
					90DA69C92A2099A2002FB428 = {
						CreatedOnToolsVersion = 14.3;
					};
				};
			};
			buildConfigurationList = 90DA69C52A2099A2002FB428 /* Build configuration list for PBXProject "FarmProduct" */;
			compatibilityVersion = "Xcode 14.0";
			developmentRegion = en;
			hasScannedForEncodings = 0;
			knownRegions = (
				en,
				Base,
			);
			mainGroup = 90DA69C12A2099A1002FB428;
			packageReferences = (
				90DA69EA2A20A8E7002FB428 /* XCRemoteSwiftPackageReference "firebase-ios-sdk" */,
				90ADB8AD2A213BC000F8BED7 /* XCRemoteSwiftPackageReference "SDWebImageSwiftUI" */,
			);
			productRefGroup = 90DA69CB2A2099A2002FB428 /* Products */;
			projectDirPath = "";
			projectRoot = "";
			targets = (
				90DA69C92A2099A2002FB428 /* FarmProduct */,
			);
		};
/* End PBXProject section */

/* Begin PBXResourcesBuildPhase section */
		90DA69C82A2099A2002FB428 /* Resources */ = {
			isa = PBXResourcesBuildPhase;
			buildActionMask = 2147483647;
			files = (
				90DA69D52A2099A2002FB428 /* Preview Assets.xcassets in Resources */,
				90DA69D22A2099A2002FB428 /* Assets.xcassets in Resources */,
				90DA69E92A20A6CA002FB428 /* GoogleService-Info.plist in Resources */,
			);
			runOnlyForDeploymentPostprocessing = 0;
		};
/* End PBXResourcesBuildPhase section */

/* Begin PBXSourcesBuildPhase section */
		90DA69C62A2099A2002FB428 /* Sources */ = {
			isa = PBXSourcesBuildPhase;
			buildActionMask = 2147483647;
			files = (
				9091EE872A20AFB1002DCE8C /* SignUpView.swift in Sources */,
				9091EE9E2A20EEBE002DCE8C /* ClientCatalogView.swift in Sources */,
				9091EE8F2A20E943002DCE8C /* ClientView.swift in Sources */,
				9091EE8B2A20E1AF002DCE8C /* SignOutView.swift in Sources */,
				9091EEA22A20EFEA002DCE8C /* ClientSettingsView.swift in Sources */,
				9091EEA02A20EFAC002DCE8C /* ClientBasketView.swift in Sources */,
				90DA69D02A2099A2002FB428 /* ContentView.swift in Sources */,
				9091EE9C2A20EDC3002DCE8C /* ClientHomeView.swift in Sources */,
				9091EE8D2A20E908002DCE8C /* FarmerView.swift in Sources */,
				9091EE852A20AE15002DCE8C /* AuthenticationView.swift in Sources */,
				9091EE9A2A20ED34002DCE8C /* ClientTabBarView.swift in Sources */,
				90DA69CE2A2099A2002FB428 /* FarmProductApp.swift in Sources */,
				9091EEA42A2105B1002DCE8C /* SignInView.swift in Sources */,
				90ADB8AC2A210DC700F8BED7 /* ClientProfileView.swift in Sources */,
			);
			runOnlyForDeploymentPostprocessing = 0;
		};
/* End PBXSourcesBuildPhase section */

/* Begin XCBuildConfiguration section */
		90DA69D62A2099A2002FB428 /* Debug */ = {
			isa = XCBuildConfiguration;
			buildSettings = {
				ALWAYS_SEARCH_USER_PATHS = NO;
				CLANG_ANALYZER_NONNULL = YES;
				CLANG_ANALYZER_NUMBER_OBJECT_CONVERSION = YES_AGGRESSIVE;
				CLANG_CXX_LANGUAGE_STANDARD = "gnu++20";
				CLANG_ENABLE_MODULES = YES;
				CLANG_ENABLE_OBJC_ARC = YES;
				CLANG_ENABLE_OBJC_WEAK = YES;
				CLANG_WARN_BLOCK_CAPTURE_AUTORELEASING = YES;
				CLANG_WARN_BOOL_CONVERSION = YES;
				CLANG_WARN_COMMA = YES;
				CLANG_WARN_CONSTANT_CONVERSION = YES;
				CLANG_WARN_DEPRECATED_OBJC_IMPLEMENTATIONS = YES;
				CLANG_WARN_DIRECT_OBJC_ISA_USAGE = YES_ERROR;
				CLANG_WARN_DOCUMENTATION_COMMENTS = YES;
				CLANG_WARN_EMPTY_BODY = YES;
				CLANG_WARN_ENUM_CONVERSION = YES;
				CLANG_WARN_INFINITE_RECURSION = YES;
				CLANG_WARN_INT_CONVERSION = YES;
				CLANG_WARN_NON_LITERAL_NULL_CONVERSION = YES;
				CLANG_WARN_OBJC_IMPLICIT_RETAIN_SELF = YES;
				CLANG_WARN_OBJC_LITERAL_CONVERSION = YES;
				CLANG_WARN_OBJC_ROOT_CLASS = YES_ERROR;
				CLANG_WARN_QUOTED_INCLUDE_IN_FRAMEWORK_HEADER = YES;
				CLANG_WARN_RANGE_LOOP_ANALYSIS = YES;
				CLANG_WARN_STRICT_PROTOTYPES = YES;
				CLANG_WARN_SUSPICIOUS_MOVE = YES;
				CLANG_WARN_UNGUARDED_AVAILABILITY = YES_AGGRESSIVE;
				CLANG_WARN_UNREACHABLE_CODE = YES;
				CLANG_WARN__DUPLICATE_METHOD_MATCH = YES;
				COPY_PHASE_STRIP = NO;
				DEBUG_INFORMATION_FORMAT = dwarf;
				ENABLE_STRICT_OBJC_MSGSEND = YES;
				ENABLE_TESTABILITY = YES;
				GCC_C_LANGUAGE_STANDARD = gnu11;
				GCC_DYNAMIC_NO_PIC = NO;
				GCC_NO_COMMON_BLOCKS = YES;
				GCC_OPTIMIZATION_LEVEL = 0;
				GCC_PREPROCESSOR_DEFINITIONS = (
					"DEBUG=1",
					"$(inherited)",
				);
				GCC_WARN_64_TO_32_BIT_CONVERSION = YES;
				GCC_WARN_ABOUT_RETURN_TYPE = YES_ERROR;
				GCC_WARN_UNDECLARED_SELECTOR = YES;
				GCC_WARN_UNINITIALIZED_AUTOS = YES_AGGRESSIVE;
				GCC_WARN_UNUSED_FUNCTION = YES;
				GCC_WARN_UNUSED_VARIABLE = YES;
				IPHONEOS_DEPLOYMENT_TARGET = 16.4;
				MTL_ENABLE_DEBUG_INFO = INCLUDE_SOURCE;
				MTL_FAST_MATH = YES;
				ONLY_ACTIVE_ARCH = YES;
				SDKROOT = iphoneos;
				SWIFT_ACTIVE_COMPILATION_CONDITIONS = DEBUG;
				SWIFT_OPTIMIZATION_LEVEL = "-Onone";
			};
			name = Debug;
		};
		90DA69D72A2099A2002FB428 /* Release */ = {
			isa = XCBuildConfiguration;
			buildSettings = {
				ALWAYS_SEARCH_USER_PATHS = NO;
				CLANG_ANALYZER_NONNULL = YES;
				CLANG_ANALYZER_NUMBER_OBJECT_CONVERSION = YES_AGGRESSIVE;
				CLANG_CXX_LANGUAGE_STANDARD = "gnu++20";
				CLANG_ENABLE_MODULES = YES;
				CLANG_ENABLE_OBJC_ARC = YES;
				CLANG_ENABLE_OBJC_WEAK = YES;
				CLANG_WARN_BLOCK_CAPTURE_AUTORELEASING = YES;
				CLANG_WARN_BOOL_CONVERSION = YES;
				CLANG_WARN_COMMA = YES;
				CLANG_WARN_CONSTANT_CONVERSION = YES;
				CLANG_WARN_DEPRECATED_OBJC_IMPLEMENTATIONS = YES;
				CLANG_WARN_DIRECT_OBJC_ISA_USAGE = YES_ERROR;
				CLANG_WARN_DOCUMENTATION_COMMENTS = YES;
				CLANG_WARN_EMPTY_BODY = YES;
				CLANG_WARN_ENUM_CONVERSION = YES;
				CLANG_WARN_INFINITE_RECURSION = YES;
				CLANG_WARN_INT_CONVERSION = YES;
				CLANG_WARN_NON_LITERAL_NULL_CONVERSION = YES;
				CLANG_WARN_OBJC_IMPLICIT_RETAIN_SELF = YES;
				CLANG_WARN_OBJC_LITERAL_CONVERSION = YES;
				CLANG_WARN_OBJC_ROOT_CLASS = YES_ERROR;
				CLANG_WARN_QUOTED_INCLUDE_IN_FRAMEWORK_HEADER = YES;
				CLANG_WARN_RANGE_LOOP_ANALYSIS = YES;
				CLANG_WARN_STRICT_PROTOTYPES = YES;
				CLANG_WARN_SUSPICIOUS_MOVE = YES;
				CLANG_WARN_UNGUARDED_AVAILABILITY = YES_AGGRESSIVE;
				CLANG_WARN_UNREACHABLE_CODE = YES;
				CLANG_WARN__DUPLICATE_METHOD_MATCH = YES;
				COPY_PHASE_STRIP = NO;
				DEBUG_INFORMATION_FORMAT = "dwarf-with-dsym";
				ENABLE_NS_ASSERTIONS = NO;
				ENABLE_STRICT_OBJC_MSGSEND = YES;
				GCC_C_LANGUAGE_STANDARD = gnu11;
				GCC_NO_COMMON_BLOCKS = YES;
				GCC_WARN_64_TO_32_BIT_CONVERSION = YES;
				GCC_WARN_ABOUT_RETURN_TYPE = YES_ERROR;
				GCC_WARN_UNDECLARED_SELECTOR = YES;
				GCC_WARN_UNINITIALIZED_AUTOS = YES_AGGRESSIVE;
				GCC_WARN_UNUSED_FUNCTION = YES;
				GCC_WARN_UNUSED_VARIABLE = YES;
				IPHONEOS_DEPLOYMENT_TARGET = 16.4;
				MTL_ENABLE_DEBUG_INFO = NO;
				MTL_FAST_MATH = YES;
				SDKROOT = iphoneos;
				SWIFT_COMPILATION_MODE = wholemodule;
				SWIFT_OPTIMIZATION_LEVEL = "-O";
				VALIDATE_PRODUCT = YES;
			};
			name = Release;
		};
		90DA69D92A2099A2002FB428 /* Debug */ = {
			isa = XCBuildConfiguration;
			buildSettings = {
				ASSETCATALOG_COMPILER_APPICON_NAME = AppIcon;
				ASSETCATALOG_COMPILER_GLOBAL_ACCENT_COLOR_NAME = AccentColor;
				CODE_SIGN_STYLE = Automatic;
				CURRENT_PROJECT_VERSION = 1;
				DEVELOPMENT_ASSET_PATHS = "\"FarmProduct/Preview Content\"";
				ENABLE_PREVIEWS = YES;
				GENERATE_INFOPLIST_FILE = YES;
				INFOPLIST_KEY_UIApplicationSceneManifest_Generation = YES;
				INFOPLIST_KEY_UIApplicationSupportsIndirectInputEvents = YES;
				INFOPLIST_KEY_UILaunchScreen_Generation = YES;
				INFOPLIST_KEY_UISupportedInterfaceOrientations_iPad = "UIInterfaceOrientationPortrait UIInterfaceOrientationPortraitUpsideDown UIInterfaceOrientationLandscapeLeft UIInterfaceOrientationLandscapeRight";
				INFOPLIST_KEY_UISupportedInterfaceOrientations_iPhone = "UIInterfaceOrientationPortrait UIInterfaceOrientationLandscapeLeft UIInterfaceOrientationLandscapeRight";
				LD_RUNPATH_SEARCH_PATHS = (
					"$(inherited)",
					"@executable_path/Frameworks",
				);
				MARKETING_VERSION = 1.0;
				PRODUCT_BUNDLE_IDENTIFIER = com.xaxaton.FarmProduct;
				PRODUCT_NAME = "$(TARGET_NAME)";
				SWIFT_EMIT_LOC_STRINGS = YES;
				SWIFT_VERSION = 5.0;
				TARGETED_DEVICE_FAMILY = "1,2";
			};
			name = Debug;
		};
		90DA69DA2A2099A2002FB428 /* Release */ = {
			isa = XCBuildConfiguration;
			buildSettings = {
				ASSETCATALOG_COMPILER_APPICON_NAME = AppIcon;
				ASSETCATALOG_COMPILER_GLOBAL_ACCENT_COLOR_NAME = AccentColor;
				CODE_SIGN_STYLE = Automatic;
				CURRENT_PROJECT_VERSION = 1;
				DEVELOPMENT_ASSET_PATHS = "\"FarmProduct/Preview Content\"";
				ENABLE_PREVIEWS = YES;
				GENERATE_INFOPLIST_FILE = YES;
				INFOPLIST_KEY_UIApplicationSceneManifest_Generation = YES;
				INFOPLIST_KEY_UIApplicationSupportsIndirectInputEvents = YES;
				INFOPLIST_KEY_UILaunchScreen_Generation = YES;
				INFOPLIST_KEY_UISupportedInterfaceOrientations_iPad = "UIInterfaceOrientationPortrait UIInterfaceOrientationPortraitUpsideDown UIInterfaceOrientationLandscapeLeft UIInterfaceOrientationLandscapeRight";
				INFOPLIST_KEY_UISupportedInterfaceOrientations_iPhone = "UIInterfaceOrientationPortrait UIInterfaceOrientationLandscapeLeft UIInterfaceOrientationLandscapeRight";
				LD_RUNPATH_SEARCH_PATHS = (
					"$(inherited)",
					"@executable_path/Frameworks",
				);
				MARKETING_VERSION = 1.0;
				PRODUCT_BUNDLE_IDENTIFIER = com.xaxaton.FarmProduct;
				PRODUCT_NAME = "$(TARGET_NAME)";
				SWIFT_EMIT_LOC_STRINGS = YES;
				SWIFT_VERSION = 5.0;
				TARGETED_DEVICE_FAMILY = "1,2";
			};
			name = Release;
		};
/* End XCBuildConfiguration section */

/* Begin XCConfigurationList section */
		90DA69C52A2099A2002FB428 /* Build configuration list for PBXProject "FarmProduct" */ = {
			isa = XCConfigurationList;
			buildConfigurations = (
				90DA69D62A2099A2002FB428 /* Debug */,
				90DA69D72A2099A2002FB428 /* Release */,
			);
			defaultConfigurationIsVisible = 0;
			defaultConfigurationName = Release;
		};
		90DA69D82A2099A2002FB428 /* Build configuration list for PBXNativeTarget "FarmProduct" */ = {
			isa = XCConfigurationList;
			buildConfigurations = (
				90DA69D92A2099A2002FB428 /* Debug */,
				90DA69DA2A2099A2002FB428 /* Release */,
			);
			defaultConfigurationIsVisible = 0;
			defaultConfigurationName = Release;
		};
/* End XCConfigurationList section */

/* Begin XCRemoteSwiftPackageReference section */
		90ADB8AD2A213BC000F8BED7 /* XCRemoteSwiftPackageReference "SDWebImageSwiftUI" */ = {
			isa = XCRemoteSwiftPackageReference;
			repositoryURL = "https://github.com/SDWebImage/SDWebImageSwiftUI";
			requirement = {
				kind = exactVersion;
				version = 2.2.3;
			};
		};
		90DA69EA2A20A8E7002FB428 /* XCRemoteSwiftPackageReference "firebase-ios-sdk" */ = {
			isa = XCRemoteSwiftPackageReference;
			repositoryURL = "https://github.com/firebase/firebase-ios-sdk";
			requirement = {
				kind = exactVersion;
				version = 10.10.0;
			};
		};
/* End XCRemoteSwiftPackageReference section */

/* Begin XCSwiftPackageProductDependency section */
		90ADB8AE2A213BC000F8BED7 /* SDWebImageSwiftUI */ = {
			isa = XCSwiftPackageProductDependency;
			package = 90ADB8AD2A213BC000F8BED7 /* XCRemoteSwiftPackageReference "SDWebImageSwiftUI" */;
			productName = SDWebImageSwiftUI;
		};
		90DA69EB2A20A8E7002FB428 /* FirebaseAnalytics */ = {
			isa = XCSwiftPackageProductDependency;
			package = 90DA69EA2A20A8E7002FB428 /* XCRemoteSwiftPackageReference "firebase-ios-sdk" */;
			productName = FirebaseAnalytics;
		};
		90DA69ED2A20A8E7002FB428 /* FirebaseAnalyticsSwift */ = {
			isa = XCSwiftPackageProductDependency;
			package = 90DA69EA2A20A8E7002FB428 /* XCRemoteSwiftPackageReference "firebase-ios-sdk" */;
			productName = FirebaseAnalyticsSwift;
		};
		90DA69EF2A20A8E7002FB428 /* FirebaseAuth */ = {
			isa = XCSwiftPackageProductDependency;
			package = 90DA69EA2A20A8E7002FB428 /* XCRemoteSwiftPackageReference "firebase-ios-sdk" */;
			productName = FirebaseAuth;
		};
		90DA69F12A20A8E7002FB428 /* FirebaseFirestore */ = {
			isa = XCSwiftPackageProductDependency;
			package = 90DA69EA2A20A8E7002FB428 /* XCRemoteSwiftPackageReference "firebase-ios-sdk" */;
			productName = FirebaseFirestore;
		};
		90DA69F32A20A8E7002FB428 /* FirebaseFirestoreSwift */ = {
			isa = XCSwiftPackageProductDependency;
			package = 90DA69EA2A20A8E7002FB428 /* XCRemoteSwiftPackageReference "firebase-ios-sdk" */;
			productName = FirebaseFirestoreSwift;
		};
/* End XCSwiftPackageProductDependency section */
	};
	rootObject = 90DA69C22A2099A2002FB428 /* Project object */;
}
